
Microsoft Visual Studio Solution File, Format Version 12.00
# Visual Studio 15
VisualStudioVersion = 15.0.28307.852
MinimumVisualStudioVersion = 10.0.40219.1
Project("{FAE04EC0-301F-11D3-BF4B-00C04F79EFBC}") = "WebServerHacking", "WebServerHacking\WebServerHacking.csproj", "{1F6AF8DE-B560-45DA-9689-96B599374286}"
EndProject
Global
	GlobalSection(SolutionConfigurationPlatforms) = preSolution
		Debug|Any CPU = Debug|Any CPU
		Release|Any CPU = Release|Any CPU
	EndGlobalSection
	GlobalSection(ProjectConfigurationPlatforms) = postSolution
		{1F6AF8DE-B560-45DA-9689-96B599374286}.Debug|Any CPU.ActiveCfg = Debug|Any CPU
		{1F6AF8DE-B560-45DA-9689-96B599374286}.Debug|Any CPU.Build.0 = Debug|Any CPU
		{1F6AF8DE-B560-45DA-9689-96B599374286}.Release|Any CPU.ActiveCfg = Release|Any CPU
		{1F6AF8DE-B560-45DA-9689-96B599374286}.Release|Any CPU.Build.0 = Release|Any CPU
	EndGlobalSection
	GlobalSection(SolutionProperties) = preSolution
		HideSolutionNode = FALSE
	EndGlobalSection
	GlobalSection(ExtensibilityGlobals) = postSolution
		SolutionGuid = {BAE43EEF-88B5-4495-9EE4-408FCD5F4C26}
	EndGlobalSection
EndGlobal
